PODS:
  - SDWebImage (5.15.8):
    - SDWebImage/Core (= 5.15.8)
  - SDWebImage/Core (5.15.8)

DEPENDENCIES:
  - SDWebImage

SPEC REPOS:
  trunk:
    - SDWebImage

SPEC CHECKSUMS:
  SDWebImage: cb032eba469c54e0000e78bcb0a13cdde0a52798

PODFILE CHECKSUM: 305f1aadb8f57ae18ae6c0439840e14a6a35dd0f

COCOAPODS: 1.12.1
